{
  "pins" : [
    {
      "identity" : "multipartform",
      "kind" : "remoteSourceControl",
      "location" : "https://github.com/davbeck/MultipartForm",
      "state" : {
        "revision" : "c91979ea956a360bf84f0cc480afbcc7c946c753",
        "version" : "0.1.0"
      }
    },
    {
      "identity" : "swift-custom-dump",
      "kind" : "remoteSourceControl",
      "location" : "https://github.com/pointfreeco/swift-custom-dump",
      "state" : {
        "revision" : "819d9d370cd721c9d87671e29d947279292e4541",
        "version" : "0.6.0"
      }
    },
    {
      "identity" : "xctest-dynamic-overlay",
      "kind" : "remoteSourceControl",
      "location" : "https://github.com/pointfreeco/xctest-dynamic-overlay",
      "state" : {
        "revision" : "16e6409ee82e1b81390bdffbf217b9c08ab32784",
        "version" : "0.5.0"
      }
    }
  ],
  "version" : 2
}
